
Microsoft Visual Studio Solution File, Format Version 12.00
# Visual Studio Version 17
VisualStudioVersion = 17.0.31903.59
MinimumVisualStudioVersion = 10.0.40219.1
Project("{FAE04EC0-301F-11D3-BF4B-00C04F79EFBC}") = "CrmTaskManagement.Data", "CrmTaskManagement.Data\CrmTaskManagement.Data.csproj", "{60D9BAE7-CF87-41F3-B7D1-1037BA8694C8}"
EndProject
Project("{FAE04EC0-301F-11D3-BF4B-00C04F79EFBC}") = "CrmTaskManagement.Console", "CrmTaskManagement.Console\CrmTaskManagement.Console.csproj", "{5CE8D52D-4A89-45A9-8FB5-6D1D7C903CA4}"
EndProject
Project("{FAE04EC0-301F-11D3-BF4B-00C04F79EFBC}") = "CrmTaskManagement.Data.Tests", "CrmTaskManagement.Data.Tests\CrmTaskManagement.Data.Tests.csproj", "{AB5A6405-4CE8-4F80-B40A-C8F55B82DD56}"
EndProject
Global
	GlobalSection(SolutionConfigurationPlatforms) = preSolution
		Debug|Any CPU = Debug|Any CPU
		Debug|x64 = Debug|x64
		Debug|x86 = Debug|x86
		Release|Any CPU = Release|Any CPU
		Release|x64 = Release|x64
		Release|x86 = Release|x86
	EndGlobalSection
	GlobalSection(ProjectConfigurationPlatforms) = postSolution
		{60D9BAE7-CF87-41F3-B7D1-1037BA8694C8}.Debug|Any CPU.ActiveCfg = Debug|Any CPU
		{60D9BAE7-CF87-41F3-B7D1-1037BA8694C8}.Debug|Any CPU.Build.0 = Debug|Any CPU
		{60D9BAE7-CF87-41F3-B7D1-1037BA8694C8}.Debug|x64.ActiveCfg = Debug|Any CPU
		{60D9BAE7-CF87-41F3-B7D1-1037BA8694C8}.Debug|x64.Build.0 = Debug|Any CPU
		{60D9BAE7-CF87-41F3-B7D1-1037BA8694C8}.Debug|x86.ActiveCfg = Debug|Any CPU
		{60D9BAE7-CF87-41F3-B7D1-1037BA8694C8}.Debug|x86.Build.0 = Debug|Any CPU
		{60D9BAE7-CF87-41F3-B7D1-1037BA8694C8}.Release|Any CPU.ActiveCfg = Release|Any CPU
		{60D9BAE7-CF87-41F3-B7D1-1037BA8694C8}.Release|Any CPU.Build.0 = Release|Any CPU
		{60D9BAE7-CF87-41F3-B7D1-1037BA8694C8}.Release|x64.ActiveCfg = Release|Any CPU
		{60D9BAE7-CF87-41F3-B7D1-1037BA8694C8}.Release|x64.Build.0 = Release|Any CPU
		{60D9BAE7-CF87-41F3-B7D1-1037BA8694C8}.Release|x86.ActiveCfg = Release|Any CPU
		{60D9BAE7-CF87-41F3-B7D1-1037BA8694C8}.Release|x86.Build.0 = Release|Any CPU
		{5CE8D52D-4A89-45A9-8FB5-6D1D7C903CA4}.Debug|Any CPU.ActiveCfg = Debug|Any CPU
		{5CE8D52D-4A89-45A9-8FB5-6D1D7C903CA4}.Debug|Any CPU.Build.0 = Debug|Any CPU
		{5CE8D52D-4A89-45A9-8FB5-6D1D7C903CA4}.Debug|x64.ActiveCfg = Debug|Any CPU
		{5CE8D52D-4A89-45A9-8FB5-6D1D7C903CA4}.Debug|x64.Build.0 = Debug|Any CPU
		{5CE8D52D-4A89-45A9-8FB5-6D1D7C903CA4}.Debug|x86.ActiveCfg = Debug|Any CPU
		{5CE8D52D-4A89-45A9-8FB5-6D1D7C903CA4}.Debug|x86.Build.0 = Debug|Any CPU
		{5CE8D52D-4A89-45A9-8FB5-6D1D7C903CA4}.Release|Any CPU.ActiveCfg = Release|Any CPU
		{5CE8D52D-4A89-45A9-8FB5-6D1D7C903CA4}.Release|Any CPU.Build.0 = Release|Any CPU
		{5CE8D52D-4A89-45A9-8FB5-6D1D7C903CA4}.Release|x64.ActiveCfg = Release|Any CPU
		{5CE8D52D-4A89-45A9-8FB5-6D1D7C903CA4}.Release|x64.Build.0 = Release|Any CPU
		{5CE8D52D-4A89-45A9-8FB5-6D1D7C903CA4}.Release|x86.ActiveCfg = Release|Any CPU
		{5CE8D52D-4A89-45A9-8FB5-6D1D7C903CA4}.Release|x86.Build.0 = Release|Any CPU
		{AB5A6405-4CE8-4F80-B40A-C8F55B82DD56}.Debug|Any CPU.ActiveCfg = Debug|Any CPU
		{AB5A6405-4CE8-4F80-B40A-C8F55B82DD56}.Debug|Any CPU.Build.0 = Debug|Any CPU
		{AB5A6405-4CE8-4F80-B40A-C8F55B82DD56}.Debug|x64.ActiveCfg = Debug|Any CPU
		{AB5A6405-4CE8-4F80-B40A-C8F55B82DD56}.Debug|x64.Build.0 = Debug|Any CPU
		{AB5A6405-4CE8-4F80-B40A-C8F55B82DD56}.Debug|x86.ActiveCfg = Debug|Any CPU
		{AB5A6405-4CE8-4F80-B40A-C8F55B82DD56}.Debug|x86.Build.0 = Debug|Any CPU
		{AB5A6405-4CE8-4F80-B40A-C8F55B82DD56}.Release|Any CPU.ActiveCfg = Release|Any CPU
		{AB5A6405-4CE8-4F80-B40A-C8F55B82DD56}.Release|Any CPU.Build.0 = Release|Any CPU
		{AB5A6405-4CE8-4F80-B40A-C8F55B82DD56}.Release|x64.ActiveCfg = Release|Any CPU
		{AB5A6405-4CE8-4F80-B40A-C8F55B82DD56}.Release|x64.Build.0 = Release|Any CPU
		{AB5A6405-4CE8-4F80-B40A-C8F55B82DD56}.Release|x86.ActiveCfg = Release|Any CPU
		{AB5A6405-4CE8-4F80-B40A-C8F55B82DD56}.Release|x86.Build.0 = Release|Any CPU
	EndGlobalSection
	GlobalSection(SolutionProperties) = preSolution
		HideSolutionNode = FALSE
	EndGlobalSection
EndGlobal
